
Microsoft Visual Studio Solution File, Format Version 12.00
# Visual Studio Version 17
VisualStudioVersion = 17.4.33103.184
MinimumVisualStudioVersion = 10.0.40219.1
Project("{FAE04EC0-301F-11D3-BF4B-00C04F79EFBC}") = "WcfDbService", "WcfDbService.csproj", "{CE14473C-7F51-46DE-AD42-1C65006CDC08}"
EndProject
Global
	GlobalSection(SolutionConfigurationPlatforms) = preSolution
		Debug|Any CPU = Debug|Any CPU
		Release|Any CPU = Release|Any CPU
	EndGlobalSection
	GlobalSection(ProjectConfigurationPlatforms) = postSolution
		{CE14473C-7F51-46DE-AD42-1C65006CDC08}.Debug|Any CPU.ActiveCfg = Debug|Any CPU
		{CE14473C-7F51-46DE-AD42-1C65006CDC08}.Debug|Any CPU.Build.0 = Debug|Any CPU
		{CE14473C-7F51-46DE-AD42-1C65006CDC08}.Release|Any CPU.ActiveCfg = Release|Any CPU
		{CE14473C-7F51-46DE-AD42-1C65006CDC08}.Release|Any CPU.Build.0 = Release|Any CPU
	EndGlobalSection
	GlobalSection(SolutionProperties) = preSolution
		HideSolutionNode = FALSE
	EndGlobalSection
	GlobalSection(ExtensibilityGlobals) = postSolution
		SolutionGuid = {CADD1884-42E0-42A8-B088-9A2544B90A39}
	EndGlobalSection
EndGlobal
